
Microsoft Visual Studio Solution File, Format Version 12.00
# Visual Studio Version 17
VisualStudioVersion = 17.3.32811.315
MinimumVisualStudioVersion = 10.0.40219.1
Project("{9A19103F-16F7-4668-BE54-9A1E7A4F7556}") = "FilmesApi", "FilmesApi\FilmesApi.csproj", "{72FA2DA0-1220-4847-9399-37902534C7ED}"
EndProject
Project("{9A19103F-16F7-4668-BE54-9A1E7A4F7556}") = "Application", "Application\Application.csproj", "{610BC9CE-8BE3-44C3-8DEE-241597BDCAE0}"
EndProject
Project("{9A19103F-16F7-4668-BE54-9A1E7A4F7556}") = "Domain", "Domain\Domain.csproj", "{B60AC5C1-8298-4814-B965-AF0EFB8F80A3}"
EndProject
Project("{9A19103F-16F7-4668-BE54-9A1E7A4F7556}") = "Infrastructure", "Infrastructure\Infrastructure.csproj", "{C0ECBBC4-F65D-4658-9BB5-3CD139769A8F}"
EndProject
Project("{9A19103F-16F7-4668-BE54-9A1E7A4F7556}") = "Ioc", "Ioc\Ioc.csproj", "{4CA0F0D4-C265-4113-B5E5-F4B418E2A9DC}"
EndProject
Project("{FAE04EC0-301F-11D3-BF4B-00C04F79EFBC}") = "Utility", "Utility\Utility.csproj", "{4BC22D5F-D38C-4F74-8E84-32ED7B485F3D}"
EndProject
Global
	GlobalSection(SolutionConfigurationPlatforms) = preSolution
		Debug|Any CPU = Debug|Any CPU
		Release|Any CPU = Release|Any CPU
	EndGlobalSection
	GlobalSection(ProjectConfigurationPlatforms) = postSolution
		{72FA2DA0-1220-4847-9399-37902534C7ED}.Debug|Any CPU.ActiveCfg = Debug|Any CPU
		{72FA2DA0-1220-4847-9399-37902534C7ED}.Debug|Any CPU.Build.0 = Debug|Any CPU
		{72FA2DA0-1220-4847-9399-37902534C7ED}.Release|Any CPU.ActiveCfg = Release|Any CPU
		{72FA2DA0-1220-4847-9399-37902534C7ED}.Release|Any CPU.Build.0 = Release|Any CPU
		{610BC9CE-8BE3-44C3-8DEE-241597BDCAE0}.Debug|Any CPU.ActiveCfg = Debug|Any CPU
		{610BC9CE-8BE3-44C3-8DEE-241597BDCAE0}.Debug|Any CPU.Build.0 = Debug|Any CPU
		{610BC9CE-8BE3-44C3-8DEE-241597BDCAE0}.Release|Any CPU.ActiveCfg = Release|Any CPU
		{610BC9CE-8BE3-44C3-8DEE-241597BDCAE0}.Release|Any CPU.Build.0 = Release|Any CPU
		{B60AC5C1-8298-4814-B965-AF0EFB8F80A3}.Debug|Any CPU.ActiveCfg = Debug|Any CPU
		{B60AC5C1-8298-4814-B965-AF0EFB8F80A3}.Debug|Any CPU.Build.0 = Debug|Any CPU
		{B60AC5C1-8298-4814-B965-AF0EFB8F80A3}.Release|Any CPU.ActiveCfg = Release|Any CPU
		{B60AC5C1-8298-4814-B965-AF0EFB8F80A3}.Release|Any CPU.Build.0 = Release|Any CPU
		{C0ECBBC4-F65D-4658-9BB5-3CD139769A8F}.Debug|Any CPU.ActiveCfg = Debug|Any CPU
		{C0ECBBC4-F65D-4658-9BB5-3CD139769A8F}.Debug|Any CPU.Build.0 = Debug|Any CPU
		{C0ECBBC4-F65D-4658-9BB5-3CD139769A8F}.Release|Any CPU.ActiveCfg = Release|Any CPU
		{C0ECBBC4-F65D-4658-9BB5-3CD139769A8F}.Release|Any CPU.Build.0 = Release|Any CPU
		{4CA0F0D4-C265-4113-B5E5-F4B418E2A9DC}.Debug|Any CPU.ActiveCfg = Debug|Any CPU
		{4CA0F0D4-C265-4113-B5E5-F4B418E2A9DC}.Debug|Any CPU.Build.0 = Debug|Any CPU
		{4CA0F0D4-C265-4113-B5E5-F4B418E2A9DC}.Release|Any CPU.ActiveCfg = Release|Any CPU
		{4CA0F0D4-C265-4113-B5E5-F4B418E2A9DC}.Release|Any CPU.Build.0 = Release|Any CPU
		{4BC22D5F-D38C-4F74-8E84-32ED7B485F3D}.Debug|Any CPU.ActiveCfg = Debug|Any CPU
		{4BC22D5F-D38C-4F74-8E84-32ED7B485F3D}.Debug|Any CPU.Build.0 = Debug|Any CPU
		{4BC22D5F-D38C-4F74-8E84-32ED7B485F3D}.Release|Any CPU.ActiveCfg = Release|Any CPU
		{4BC22D5F-D38C-4F74-8E84-32ED7B485F3D}.Release|Any CPU.Build.0 = Release|Any CPU
	EndGlobalSection
	GlobalSection(SolutionProperties) = preSolution
		HideSolutionNode = FALSE
	EndGlobalSection
	GlobalSection(ExtensibilityGlobals) = postSolution
		SolutionGuid = {B71D6ABF-5A76-476C-A361-77EA739601F0}
	EndGlobalSection
EndGlobal
